
Microsoft Visual Studio Solution File, Format Version 12.00
# Visual Studio Version 17
VisualStudioVersion = 17.9.34607.119
MinimumVisualStudioVersion = 10.0.40219.1
Project("{9A19103F-16F7-4668-BE54-9A1E7A4F7556}") = "reWASDHttpClient", "reWASDHttpClient\reWASDHttpClient.csproj", "{07948738-6D6E-4F2D-B8EE-98BACAB68DF1}"
EndProject
Project("{9A19103F-16F7-4668-BE54-9A1E7A4F7556}") = "reWASDProtocol", "reWASDProtocol\reWASDProtocol.csproj", "{44612A05-11D9-4E9C-95F2-648D35276337}"
EndProject
Global
	GlobalSection(SolutionConfigurationPlatforms) = preSolution
		Debug|Any CPU = Debug|Any CPU
		Release|Any CPU = Release|Any CPU
	EndGlobalSection
	GlobalSection(ProjectConfigurationPlatforms) = postSolution
		{07948738-6D6E-4F2D-B8EE-98BACAB68DF1}.Debug|Any CPU.ActiveCfg = Debug|Any CPU
		{07948738-6D6E-4F2D-B8EE-98BACAB68DF1}.Debug|Any CPU.Build.0 = Debug|Any CPU
		{07948738-6D6E-4F2D-B8EE-98BACAB68DF1}.Release|Any CPU.ActiveCfg = Release|Any CPU
		{07948738-6D6E-4F2D-B8EE-98BACAB68DF1}.Release|Any CPU.Build.0 = Release|Any CPU
		{44612A05-11D9-4E9C-95F2-648D35276337}.Debug|Any CPU.ActiveCfg = Debug|Any CPU
		{44612A05-11D9-4E9C-95F2-648D35276337}.Debug|Any CPU.Build.0 = Debug|Any CPU
		{44612A05-11D9-4E9C-95F2-648D35276337}.Release|Any CPU.ActiveCfg = Release|Any CPU
		{44612A05-11D9-4E9C-95F2-648D35276337}.Release|Any CPU.Build.0 = Release|Any CPU
	EndGlobalSection
	GlobalSection(SolutionProperties) = preSolution
		HideSolutionNode = FALSE
	EndGlobalSection
	GlobalSection(ExtensibilityGlobals) = postSolution
		SolutionGuid = {E108AF23-52BF-4306-87E8-D0FA035F4926}
	EndGlobalSection
EndGlobal
